
Microsoft Visual Studio Solution File, Format Version 12.00
# Visual Studio Version 17
VisualStudioVersion = 17.10.35004.147
MinimumVisualStudioVersion = 10.0.40219.1
Project("{FAE04EC0-301F-11D3-BF4B-00C04F79EFBC}") = "Dawstin - BankAccount", "Dawstin - BankAccount\Dawstin - BankAccount.csproj", "{96BF93F4-1D73-4A02-A823-5DDD7F7F39E9}"
EndProject
Project("{FAE04EC0-301F-11D3-BF4B-00C04F79EFBC}") = "Dawstin - BankAccountTests", "Dawstin - BankAccountTests\Dawstin - BankAccountTests.csproj", "{F7B97724-B1E1-4414-B57B-E6498C6BF742}"
EndProject
Global
	GlobalSection(SolutionConfigurationPlatforms) = preSolution
		Debug|Any CPU = Debug|Any CPU
		Release|Any CPU = Release|Any CPU
	EndGlobalSection
	GlobalSection(ProjectConfigurationPlatforms) = postSolution
		{96BF93F4-1D73-4A02-A823-5DDD7F7F39E9}.Debug|Any CPU.ActiveCfg = Debug|Any CPU
		{96BF93F4-1D73-4A02-A823-5DDD7F7F39E9}.Debug|Any CPU.Build.0 = Debug|Any CPU
		{96BF93F4-1D73-4A02-A823-5DDD7F7F39E9}.Release|Any CPU.ActiveCfg = Release|Any CPU
		{96BF93F4-1D73-4A02-A823-5DDD7F7F39E9}.Release|Any CPU.Build.0 = Release|Any CPU
		{F7B97724-B1E1-4414-B57B-E6498C6BF742}.Debug|Any CPU.ActiveCfg = Debug|Any CPU
		{F7B97724-B1E1-4414-B57B-E6498C6BF742}.Debug|Any CPU.Build.0 = Debug|Any CPU
		{F7B97724-B1E1-4414-B57B-E6498C6BF742}.Release|Any CPU.ActiveCfg = Release|Any CPU
		{F7B97724-B1E1-4414-B57B-E6498C6BF742}.Release|Any CPU.Build.0 = Release|Any CPU
	EndGlobalSection
	GlobalSection(SolutionProperties) = preSolution
		HideSolutionNode = FALSE
	EndGlobalSection
	GlobalSection(ExtensibilityGlobals) = postSolution
		SolutionGuid = {C3214223-E3E3-44EA-B46E-A82E762FF39B}
	EndGlobalSection
EndGlobal
